
Microsoft Visual Studio Solution File, Format Version 12.00
# Visual Studio 15
VisualStudioVersion = 15.0.28010.2003
MinimumVisualStudioVersion = 10.0.40219.1
Project("{FAE04EC0-301F-11D3-BF4B-00C04F79EFBC}") = "NukeContracts.Business", "NukeContracts.Business\NukeContracts.Business.csproj", "{65308E42-1C17-4467-ADCD-8610443947C5}"
EndProject
Project("{FAE04EC0-301F-11D3-BF4B-00C04F79EFBC}") = "NukeContracts.UI", "NukeContracts.UI\NukeContracts.UI.csproj", "{C77DF8E9-3905-4B9A-8288-0BA67CFFE729}"
EndProject
Project("{FAE04EC0-301F-11D3-BF4B-00C04F79EFBC}") = "NukeESI", "NukeESI\NukeESI.csproj", "{64CC3DCF-79FC-4774-9E94-75D745A438DA}"
EndProject
Global
	GlobalSection(SolutionConfigurationPlatforms) = preSolution
		Debug|Any CPU = Debug|Any CPU
		Debug|x64 = Debug|x64
		Debug|x86 = Debug|x86
		Release|Any CPU = Release|Any CPU
		Release|x64 = Release|x64
		Release|x86 = Release|x86
	EndGlobalSection
	GlobalSection(ProjectConfigurationPlatforms) = postSolution
		{65308E42-1C17-4467-ADCD-8610443947C5}.Debug|Any CPU.ActiveCfg = Debug|Any CPU
		{65308E42-1C17-4467-ADCD-8610443947C5}.Debug|x64.ActiveCfg = Debug|Any CPU
		{65308E42-1C17-4467-ADCD-8610443947C5}.Debug|x64.Build.0 = Debug|Any CPU
		{65308E42-1C17-4467-ADCD-8610443947C5}.Debug|x86.ActiveCfg = Debug|Any CPU
		{65308E42-1C17-4467-ADCD-8610443947C5}.Debug|x86.Build.0 = Debug|Any CPU
		{65308E42-1C17-4467-ADCD-8610443947C5}.Release|Any CPU.ActiveCfg = Release|Any CPU
		{65308E42-1C17-4467-ADCD-8610443947C5}.Release|Any CPU.Build.0 = Release|Any CPU
		{65308E42-1C17-4467-ADCD-8610443947C5}.Release|x64.ActiveCfg = Release|Any CPU
		{65308E42-1C17-4467-ADCD-8610443947C5}.Release|x64.Build.0 = Release|Any CPU
		{65308E42-1C17-4467-ADCD-8610443947C5}.Release|x86.ActiveCfg = Release|Any CPU
		{65308E42-1C17-4467-ADCD-8610443947C5}.Release|x86.Build.0 = Release|Any CPU
		{C77DF8E9-3905-4B9A-8288-0BA67CFFE729}.Debug|Any CPU.ActiveCfg = Debug|Any CPU
		{C77DF8E9-3905-4B9A-8288-0BA67CFFE729}.Debug|Any CPU.Build.0 = Debug|Any CPU
		{C77DF8E9-3905-4B9A-8288-0BA67CFFE729}.Debug|x64.ActiveCfg = Debug|Any CPU
		{C77DF8E9-3905-4B9A-8288-0BA67CFFE729}.Debug|x64.Build.0 = Debug|Any CPU
		{C77DF8E9-3905-4B9A-8288-0BA67CFFE729}.Debug|x86.ActiveCfg = Debug|Any CPU
		{C77DF8E9-3905-4B9A-8288-0BA67CFFE729}.Debug|x86.Build.0 = Debug|Any CPU
		{C77DF8E9-3905-4B9A-8288-0BA67CFFE729}.Release|Any CPU.ActiveCfg = Release|Any CPU
		{C77DF8E9-3905-4B9A-8288-0BA67CFFE729}.Release|Any CPU.Build.0 = Release|Any CPU
		{C77DF8E9-3905-4B9A-8288-0BA67CFFE729}.Release|x64.ActiveCfg = Release|Any CPU
		{C77DF8E9-3905-4B9A-8288-0BA67CFFE729}.Release|x64.Build.0 = Release|Any CPU
		{C77DF8E9-3905-4B9A-8288-0BA67CFFE729}.Release|x86.ActiveCfg = Release|Any CPU
		{C77DF8E9-3905-4B9A-8288-0BA67CFFE729}.Release|x86.Build.0 = Release|Any CPU
		{64CC3DCF-79FC-4774-9E94-75D745A438DA}.Debug|Any CPU.ActiveCfg = Debug|Any CPU
		{64CC3DCF-79FC-4774-9E94-75D745A438DA}.Debug|x64.ActiveCfg = Debug|Any CPU
		{64CC3DCF-79FC-4774-9E94-75D745A438DA}.Debug|x64.Build.0 = Debug|Any CPU
		{64CC3DCF-79FC-4774-9E94-75D745A438DA}.Debug|x86.ActiveCfg = Debug|Any CPU
		{64CC3DCF-79FC-4774-9E94-75D745A438DA}.Debug|x86.Build.0 = Debug|Any CPU
		{64CC3DCF-79FC-4774-9E94-75D745A438DA}.Release|Any CPU.ActiveCfg = Release|Any CPU
		{64CC3DCF-79FC-4774-9E94-75D745A438DA}.Release|Any CPU.Build.0 = Release|Any CPU
		{64CC3DCF-79FC-4774-9E94-75D745A438DA}.Release|x64.ActiveCfg = Release|Any CPU
		{64CC3DCF-79FC-4774-9E94-75D745A438DA}.Release|x64.Build.0 = Release|Any CPU
		{64CC3DCF-79FC-4774-9E94-75D745A438DA}.Release|x86.ActiveCfg = Release|Any CPU
		{64CC3DCF-79FC-4774-9E94-75D745A438DA}.Release|x86.Build.0 = Release|Any CPU
	EndGlobalSection
	GlobalSection(SolutionProperties) = preSolution
		HideSolutionNode = FALSE
	EndGlobalSection
	GlobalSection(ExtensibilityGlobals) = postSolution
		SolutionGuid = {066849D6-0D88-4BE1-A1F6-491DF6AEB541}
	EndGlobalSection
EndGlobal
